// !$*UTF8*$!
{
	archiveVersion = 1;
	classes = {
	};
	objectVersion = 46;
	objects = {

/* Begin PBXBuildFile section */
		A07CBC481B1CA6D9005F56E5 /* AppDelegate.swift in Sources */ = {isa = PBXBuildFile; fileRef = A07CBC471B1CA6D9005F56E5 /* AppDelegate.swift */; };
		A07CBC4D1B1CA6DA005F56E5 /* Main.storyboard in Resources */ = {isa = PBXBuildFile; fileRef = A07CBC4B1B1CA6DA005F56E5 /* Main.storyboard */; };
		A07CBC4F1B1CA6DA005F56E5 /* Images.xcassets in Resources */ = {isa = PBXBuildFile; fileRef = A07CBC4E1B1CA6DA005F56E5 /* Images.xcassets */; };
		A07CBC521B1CA6DA005F56E5 /* LaunchScreen.xib in Resources */ = {isa = PBXBuildFile; fileRef = A07CBC501B1CA6DA005F56E5 /* LaunchScreen.xib */; };
		A07CBC5E1B1CA6DA005F56E5 /* WeatherTodayTests.swift in Sources */ = {isa = PBXBuildFile; fileRef = A07CBC5D1B1CA6DA005F56E5 /* WeatherTodayTests.swift */; };
		A07CBC681B1CB1B1005F56E5 /* SearchTableViewController.swift in Sources */ = {isa = PBXBuildFile; fileRef = A07CBC671B1CB1B1005F56E5 /* SearchTableViewController.swift */; };
		A08103A01B1D961100BC2ADD /* WeatherDetailViewController.swift in Sources */ = {isa = PBXBuildFile; fileRef = A081039F1B1D961100BC2ADD /* WeatherDetailViewController.swift */; };
		A08103A31B1E051C00BC2ADD /* CoreData.framework in Frameworks */ = {isa = PBXBuildFile; fileRef = A08103A21B1E051C00BC2ADD /* CoreData.framework */; };
		A08103A61B1E059F00BC2ADD /* WeatherToday.xcdatamodeld in Sources */ = {isa = PBXBuildFile; fileRef = A08103A41B1E059F00BC2ADD /* WeatherToday.xcdatamodeld */; };
		A0A7BBA41B1F176C00B4ABFF /* Weather.swift in Sources */ = {isa = PBXBuildFile; fileRef = A0A7BBA31B1F176C00B4ABFF /* Weather.swift */; };
		A0A7BBA61B1F642300B4ABFF /* StoredCities.swift in Sources */ = {isa = PBXBuildFile; fileRef = A0A7BBA51B1F642300B4ABFF /* StoredCities.swift */; };
		A0A7BBA81B1F648800B4ABFF /* City.swift in Sources */ = {isa = PBXBuildFile; fileRef = A0A7BBA71B1F648800B4ABFF /* City.swift */; };
		A0A7BBAA1B1F70AC00B4ABFF /* CitiesLoader.swift in Sources */ = {isa = PBXBuildFile; fileRef = A0A7BBA91B1F70AC00B4ABFF /* CitiesLoader.swift */; };
		A0A7BBAC1B1F7EBE00B4ABFF /* WeatherLoader.swift in Sources */ = {isa = PBXBuildFile; fileRef = A0A7BBAB1B1F7EBE00B4ABFF /* WeatherLoader.swift */; };
		A0A7BBAD1B1F848B00B4ABFF /* Weather.swift in Sources */ = {isa = PBXBuildFile; fileRef = A0A7BBA31B1F176C00B4ABFF /* Weather.swift */; };
/* End PBXBuildFile section */

/* Begin PBXContainerItemProxy section */
		A07CBC581B1CA6DA005F56E5 /* PBXContainerItemProxy */ = {
			isa = PBXContainerItemProxy;
			containerPortal = A07CBC3A1B1CA6D9005F56E5 /* Project object */;
			proxyType = 1;
			remoteGlobalIDString = A07CBC411B1CA6D9005F56E5;
			remoteInfo = WeatherToday;
		};
/* End PBXContainerItemProxy section */

/* Begin PBXFileReference section */
		A07CBC421B1CA6D9005F56E5 /* WeatherToday.app */ = {isa = PBXFileReference; explicitFileType = wrapper.application; includeInIndex = 0; path = WeatherToday.app; sourceTree = BUILT_PRODUCTS_DIR; };
		A07CBC461B1CA6D9005F56E5 /* Info.plist */ = {isa = PBXFileReference; lastKnownFileType = text.plist.xml; path = Info.plist; sourceTree = "<group>"; };
		A07CBC471B1CA6D9005F56E5 /* AppDelegate.swift */ = {isa = PBXFileReference; lastKnownFileType = sourcecode.swift; path = AppDelegate.swift; sourceTree = "<group>"; };
		A07CBC4C1B1CA6DA005F56E5 /* Base */ = {isa = PBXFileReference; lastKnownFileType = file.storyboard; name = Base; path = Base.lproj/Main.storyboard; sourceTree = "<group>"; };
		A07CBC4E1B1CA6DA005F56E5 /* Images.xcassets */ = {isa = PBXFileReference; lastKnownFileType = folder.assetcatalog; path = Images.xcassets; sourceTree = "<group>"; };
		A07CBC511B1CA6DA005F56E5 /* Base */ = {isa = PBXFileReference; lastKnownFileType = file.xib; name = Base; path = Base.lproj/LaunchScreen.xib; sourceTree = "<group>"; };
		A07CBC571B1CA6DA005F56E5 /* WeatherTodayTests.xctest */ = {isa = PBXFileReference; explicitFileType = wrapper.cfbundle; includeInIndex = 0; path = WeatherTodayTests.xctest; sourceTree = BUILT_PRODUCTS_DIR; };
		A07CBC5C1B1CA6DA005F56E5 /* Info.plist */ = {isa = PBXFileReference; lastKnownFileType = text.plist.xml; path = Info.plist; sourceTree = "<group>"; };
		A07CBC5D1B1CA6DA005F56E5 /* WeatherTodayTests.swift */ = {isa = PBXFileReference; lastKnownFileType = sourcecode.swift; path = WeatherTodayTests.swift; sourceTree = "<group>"; };
		A07CBC671B1CB1B1005F56E5 /* SearchTableViewController.swift */ = {isa = PBXFileReference; fileEncoding = 4; lastKnownFileType = sourcecode.swift; path = SearchTableViewController.swift; sourceTree = "<group>"; };
		A081039F1B1D961100BC2ADD /* WeatherDetailViewController.swift */ = {isa = PBXFileReference; fileEncoding = 4; lastKnownFileType = sourcecode.swift; path = WeatherDetailViewController.swift; sourceTree = "<group>"; };
		A08103A21B1E051C00BC2ADD /* CoreData.framework */ = {isa = PBXFileReference; lastKnownFileType = wrapper.framework; name = CoreData.framework; path = System/Library/Frameworks/CoreData.framework; sourceTree = SDKROOT; };
		A08103A51B1E059F00BC2ADD /* WeatherToday.xcdatamodel */ = {isa = PBXFileReference; lastKnownFileType = wrapper.xcdatamodel; path = WeatherToday.xcdatamodel; sourceTree = "<group>"; };
		A0A7BBA31B1F176C00B4ABFF /* Weather.swift */ = {isa = PBXFileReference; fileEncoding = 4; lastKnownFileType = sourcecode.swift; path = Weather.swift; sourceTree = "<group>"; };
		A0A7BBA51B1F642300B4ABFF /* StoredCities.swift */ = {isa = PBXFileReference; fileEncoding = 4; lastKnownFileType = sourcecode.swift; path = StoredCities.swift; sourceTree = "<group>"; };
		A0A7BBA71B1F648800B4ABFF /* City.swift */ = {isa = PBXFileReference; fileEncoding = 4; lastKnownFileType = sourcecode.swift; path = City.swift; sourceTree = "<group>"; };
		A0A7BBA91B1F70AC00B4ABFF /* CitiesLoader.swift */ = {isa = PBXFileReference; fileEncoding = 4; lastKnownFileType = sourcecode.swift; path = CitiesLoader.swift; sourceTree = "<group>"; };
		A0A7BBAB1B1F7EBE00B4ABFF /* WeatherLoader.swift */ = {isa = PBXFileReference; fileEncoding = 4; lastKnownFileType = sourcecode.swift; path = WeatherLoader.swift; sourceTree = "<group>"; };
/* End PBXFileReference section */

/* Begin PBXFrameworksBuildPhase section */
		A07CBC3F1B1CA6D9005F56E5 /* Frameworks */ = {
			isa = PBXFrameworksBuildPhase;
			buildActionMask = 2147483647;
			files = (
				A08103A31B1E051C00BC2ADD /* CoreData.framework in Frameworks */,
			);
			runOnlyForDeploymentPostprocessing = 0;
		};
		A07CBC541B1CA6DA005F56E5 /* Frameworks */ = {
			isa = PBXFrameworksBuildPhase;
			buildActionMask = 2147483647;
			files = (
			);
			runOnlyForDeploymentPostprocessing = 0;
		};
/* End PBXFrameworksBuildPhase section */

/* Begin PBXGroup section */
		A07CBC391B1CA6D9005F56E5 = {
			isa = PBXGroup;
			children = (
				A08103A21B1E051C00BC2ADD /* CoreData.framework */,
				A07CBC441B1CA6D9005F56E5 /* WeatherToday */,
				A07CBC5A1B1CA6DA005F56E5 /* WeatherTodayTests */,
				A07CBC431B1CA6D9005F56E5 /* Products */,
			);
			sourceTree = "<group>";
		};
		A07CBC431B1CA6D9005F56E5 /* Products */ = {
			isa = PBXGroup;
			children = (
				A07CBC421B1CA6D9005F56E5 /* WeatherToday.app */,
				A07CBC571B1CA6DA005F56E5 /* WeatherTodayTests.xctest */,
			);
			name = Products;
			sourceTree = "<group>";
		};
		A07CBC441B1CA6D9005F56E5 /* WeatherToday */ = {
			isa = PBXGroup;
			children = (
				A07CBC471B1CA6D9005F56E5 /* AppDelegate.swift */,
				A07CBC4B1B1CA6DA005F56E5 /* Main.storyboard */,
				A07CBC4E1B1CA6DA005F56E5 /* Images.xcassets */,
				A07CBC501B1CA6DA005F56E5 /* LaunchScreen.xib */,
				A07CBC451B1CA6D9005F56E5 /* Supporting Files */,
				A07CBC671B1CB1B1005F56E5 /* SearchTableViewController.swift */,
				A081039F1B1D961100BC2ADD /* WeatherDetailViewController.swift */,
				A08103A41B1E059F00BC2ADD /* WeatherToday.xcdatamodeld */,
				A0A7BBA31B1F176C00B4ABFF /* Weather.swift */,
				A0A7BBA51B1F642300B4ABFF /* StoredCities.swift */,
				A0A7BBA71B1F648800B4ABFF /* City.swift */,
				A0A7BBA91B1F70AC00B4ABFF /* CitiesLoader.swift */,
				A0A7BBAB1B1F7EBE00B4ABFF /* WeatherLoader.swift */,
			);
			path = WeatherToday;
			sourceTree = "<group>";
		};
		A07CBC451B1CA6D9005F56E5 /* Supporting Files */ = {
			isa = PBXGroup;
			children = (
				A07CBC461B1CA6D9005F56E5 /* Info.plist */,
			);
			name = "Supporting Files";
			sourceTree = "<group>";
		};
		A07CBC5A1B1CA6DA005F56E5 /* WeatherTodayTests */ = {
			isa = PBXGroup;
			children = (
				A07CBC5D1B1CA6DA005F56E5 /* WeatherTodayTests.swift */,
				A07CBC5B1B1CA6DA005F56E5 /* Supporting Files */,
			);
			path = WeatherTodayTests;
			sourceTree = "<group>";
		};
		A07CBC5B1B1CA6DA005F56E5 /* Supporting Files */ = {
			isa = PBXGroup;
			children = (
				A07CBC5C1B1CA6DA005F56E5 /* Info.plist */,
			);
			name = "Supporting Files";
			sourceTree = "<group>";
		};
/* End PBXGroup section */

/* Begin PBXNativeTarget section */
		A07CBC411B1CA6D9005F56E5 /* WeatherToday */ = {
			isa = PBXNativeTarget;
			buildConfigurationList = A07CBC611B1CA6DA005F56E5 /* Build configuration list for PBXNativeTarget "WeatherToday" */;
			buildPhases = (
				A07CBC3E1B1CA6D9005F56E5 /* Sources */,
				A07CBC3F1B1CA6D9005F56E5 /* Frameworks */,
				A07CBC401B1CA6D9005F56E5 /* Resources */,
			);
			buildRules = (
			);
			dependencies = (
			);
			name = WeatherToday;
			productName = WeatherToday;
			productReference = A07CBC421B1CA6D9005F56E5 /* WeatherToday.app */;
			productType = "com.apple.product-type.application";
		};
		A07CBC561B1CA6DA005F56E5 /* WeatherTodayTests */ = {
			isa = PBXNativeTarget;
			buildConfigurationList = A07CBC641B1CA6DA005F56E5 /* Build configuration list for PBXNativeTarget "WeatherTodayTests" */;
			buildPhases = (
				A07CBC531B1CA6DA005F56E5 /* Sources */,
				A07CBC541B1CA6DA005F56E5 /* Frameworks */,
				A07CBC551B1CA6DA005F56E5 /* Resources */,
			);
			buildRules = (
			);
			dependencies = (
				A07CBC591B1CA6DA005F56E5 /* PBXTargetDependency */,
			);
			name = WeatherTodayTests;
			productName = WeatherTodayTests;
			productReference = A07CBC571B1CA6DA005F56E5 /* WeatherTodayTests.xctest */;
			productType = "com.apple.product-type.bundle.unit-test";
		};
/* End PBXNativeTarget section */

/* Begin PBXProject section */
		A07CBC3A1B1CA6D9005F56E5 /* Project object */ = {
			isa = PBXProject;
			attributes = {
				LastUpgradeCheck = 0630;
				ORGANIZATIONNAME = "Chloé Laugier";
				TargetAttributes = {
					A07CBC411B1CA6D9005F56E5 = {
						CreatedOnToolsVersion = 6.3.2;
					};
					A07CBC561B1CA6DA005F56E5 = {
						CreatedOnToolsVersion = 6.3.2;
						TestTargetID = A07CBC411B1CA6D9005F56E5;
					};
				};
			};
			buildConfigurationList = A07CBC3D1B1CA6D9005F56E5 /* Build configuration list for PBXProject "WeatherToday" */;
			compatibilityVersion = "Xcode 3.2";
			developmentRegion = English;
			hasScannedForEncodings = 0;
			knownRegions = (
				en,
				Base,
			);
			mainGroup = A07CBC391B1CA6D9005F56E5;
			productRefGroup = A07CBC431B1CA6D9005F56E5 /* Products */;
			projectDirPath = "";
			projectRoot = "";
			targets = (
				A07CBC411B1CA6D9005F56E5 /* WeatherToday */,
				A07CBC561B1CA6DA005F56E5 /* WeatherTodayTests */,
			);
		};
/* End PBXProject section */

/* Begin PBXResourcesBuildPhase section */
		A07CBC401B1CA6D9005F56E5 /* Resources */ = {
			isa = PBXResourcesBuildPhase;
			buildActionMask = 2147483647;
			files = (
				A07CBC4D1B1CA6DA005F56E5 /* Main.storyboard in Resources */,
				A07CBC521B1CA6DA005F56E5 /* LaunchScreen.xib in Resources */,
				A07CBC4F1B1CA6DA005F56E5 /* Images.xcassets in Resources */,
			);
			runOnlyForDeploymentPostprocessing = 0;
		};
		A07CBC551B1CA6DA005F56E5 /* Resources */ = {
			isa = PBXResourcesBuildPhase;
			buildActionMask = 2147483647;
			files = (
			);
			runOnlyForDeploymentPostprocessing = 0;
		};
/* End PBXResourcesBuildPhase section */

/* Begin PBXSourcesBuildPhase section */
		A07CBC3E1B1CA6D9005F56E5 /* Sources */ = {
			isa = PBXSourcesBuildPhase;
			buildActionMask = 2147483647;
			files = (
				A08103A01B1D961100BC2ADD /* WeatherDetailViewController.swift in Sources */,
				A0A7BBA61B1F642300B4ABFF /* StoredCities.swift in Sources */,
				A07CBC681B1CB1B1005F56E5 /* SearchTableViewController.swift in Sources */,
				A08103A61B1E059F00BC2ADD /* WeatherToday.xcdatamodeld in Sources */,
				A07CBC481B1CA6D9005F56E5 /* AppDelegate.swift in Sources */,
				A0A7BBAA1B1F70AC00B4ABFF /* CitiesLoader.swift in Sources */,
				A0A7BBA41B1F176C00B4ABFF /* Weather.swift in Sources */,
				A0A7BBAC1B1F7EBE00B4ABFF /* WeatherLoader.swift in Sources */,
				A0A7BBA81B1F648800B4ABFF /* City.swift in Sources */,
			);
			runOnlyForDeploymentPostprocessing = 0;
		};
		A07CBC531B1CA6DA005F56E5 /* Sources */ = {
			isa = PBXSourcesBuildPhase;
			buildActionMask = 2147483647;
			files = (
				A0A7BBAD1B1F848B00B4ABFF /* Weather.swift in Sources */,
				A07CBC5E1B1CA6DA005F56E5 /* WeatherTodayTests.swift in Sources */,
			);
			runOnlyForDeploymentPostprocessing = 0;
		};
/* End PBXSourcesBuildPhase section */

/* Begin PBXTargetDependency section */
		A07CBC591B1CA6DA005F56E5 /* PBXTargetDependency */ = {
			isa = PBXTargetDependency;
			target = A07CBC411B1CA6D9005F56E5 /* WeatherToday */;
			targetProxy = A07CBC581B1CA6DA005F56E5 /* PBXContainerItemProxy */;
		};
/* End PBXTargetDependency section */

/* Begin PBXVariantGroup section */
		A07CBC4B1B1CA6DA005F56E5 /* Main.storyboard */ = {
			isa = PBXVariantGroup;
			children = (
				A07CBC4C1B1CA6DA005F56E5 /* Base */,
			);
			name = Main.storyboard;
			sourceTree = "<group>";
		};
		A07CBC501B1CA6DA005F56E5 /* LaunchScreen.xib */ = {
			isa = PBXVariantGroup;
			children = (
				A07CBC511B1CA6DA005F56E5 /* Base */,
			);
			name = LaunchScreen.xib;
			sourceTree = "<group>";
		};
/* End PBXVariantGroup section */

/* Begin XCBuildConfiguration section */
		A07CBC5F1B1CA6DA005F56E5 /* Debug */ = {
			isa = XCBuildConfiguration;
			buildSettings = {
				ALWAYS_SEARCH_USER_PATHS = NO;
				CLANG_CXX_LANGUAGE_STANDARD = "gnu++0x";
				CLANG_CXX_LIBRARY = "libc++";
				CLANG_ENABLE_MODULES = YES;
				CLANG_ENABLE_OBJC_ARC = YES;
				CLANG_WARN_BOOL_CONVERSION = YES;
				CLANG_WARN_CONSTANT_CONVERSION = YES;
				CLANG_WARN_DIRECT_OBJC_ISA_USAGE = YES_ERROR;
				CLANG_WARN_EMPTY_BODY = YES;
				CLANG_WARN_ENUM_CONVERSION = YES;
				CLANG_WARN_INT_CONVERSION = YES;
				CLANG_WARN_OBJC_ROOT_CLASS = YES_ERROR;
				CLANG_WARN_UNREACHABLE_CODE = YES;
				CLANG_WARN__DUPLICATE_METHOD_MATCH = YES;
				"CODE_SIGN_IDENTITY[sdk=iphoneos*]" = "iPhone Developer";
				COPY_PHASE_STRIP = NO;
				DEBUG_INFORMATION_FORMAT = "dwarf-with-dsym";
				ENABLE_STRICT_OBJC_MSGSEND = YES;
				GCC_C_LANGUAGE_STANDARD = gnu99;
				GCC_DYNAMIC_NO_PIC = NO;
				GCC_NO_COMMON_BLOCKS = YES;
				GCC_OPTIMIZATION_LEVEL = 0;
				GCC_PREPROCESSOR_DEFINITIONS = (
					"DEBUG=1",
					"$(inherited)",
				);
				GCC_SYMBOLS_PRIVATE_EXTERN = NO;
				GCC_WARN_64_TO_32_BIT_CONVERSION = YES;
				GCC_WARN_ABOUT_RETURN_TYPE = YES_ERROR;
				GCC_WARN_UNDECLARED_SELECTOR = YES;
				GCC_WARN_UNINITIALIZED_AUTOS = YES_AGGRESSIVE;
				GCC_WARN_UNUSED_FUNCTION = YES;
				GCC_WARN_UNUSED_VARIABLE = YES;
				IPHONEOS_DEPLOYMENT_TARGET = 8.3;
				MTL_ENABLE_DEBUG_INFO = YES;
				ONLY_ACTIVE_ARCH = YES;
				SDKROOT = iphoneos;
				SWIFT_OPTIMIZATION_LEVEL = "-Onone";
			};
			name = Debug;
		};
		A07CBC601B1CA6DA005F56E5 /* Release */ = {
			isa = XCBuildConfiguration;
			buildSettings = {
				ALWAYS_SEARCH_USER_PATHS = NO;
				CLANG_CXX_LANGUAGE_STANDARD = "gnu++0x";
				CLANG_CXX_LIBRARY = "libc++";
				CLANG_ENABLE_MODULES = YES;
				CLANG_ENABLE_OBJC_ARC = YES;
				CLANG_WARN_BOOL_CONVERSION = YES;
				CLANG_WARN_CONSTANT_CONVERSION = YES;
				CLANG_WARN_DIRECT_OBJC_ISA_USAGE = YES_ERROR;
				CLANG_WARN_EMPTY_BODY = YES;
				CLANG_WARN_ENUM_CONVERSION = YES;
				CLANG_WARN_INT_CONVERSION = YES;
				CLANG_WARN_OBJC_ROOT_CLASS = YES_ERROR;
				CLANG_WARN_UNREACHABLE_CODE = YES;
				CLANG_WARN__DUPLICATE_METHOD_MATCH = YES;
				"CODE_SIGN_IDENTITY[sdk=iphoneos*]" = "iPhone Developer";
				COPY_PHASE_STRIP = NO;
				DEBUG_INFORMATION_FORMAT = "dwarf-with-dsym";
				ENABLE_NS_ASSERTIONS = NO;
				ENABLE_STRICT_OBJC_MSGSEND = YES;
				GCC_C_LANGUAGE_STANDARD = gnu99;
				GCC_NO_COMMON_BLOCKS = YES;
				GCC_WARN_64_TO_32_BIT_CONVERSION = YES;
				GCC_WARN_ABOUT_RETURN_TYPE = YES_ERROR;
				GCC_WARN_UNDECLARED_SELECTOR = YES;
				GCC_WARN_UNINITIALIZED_AUTOS = YES_AGGRESSIVE;
				GCC_WARN_UNUSED_FUNCTION = YES;
				GCC_WARN_UNUSED_VARIABLE = YES;
				IPHONEOS_DEPLOYMENT_TARGET = 8.3;
				MTL_ENABLE_DEBUG_INFO = NO;
				SDKROOT = iphoneos;
				VALIDATE_PRODUCT = YES;
			};
			name = Release;
		};
		A07CBC621B1CA6DA005F56E5 /* Debug */ = {
			isa = XCBuildConfiguration;
			buildSettings = {
				ASSETCATALOG_COMPILER_APPICON_NAME = AppIcon;
				ASSETCATALOG_COMPILER_LAUNCHIMAGE_NAME = LaunchImage;
				CODE_SIGN_IDENTITY = "iPhone Developer: Chloe Laugier (2326A243FG)";
				INFOPLIST_FILE = WeatherToday/Info.plist;
				LD_RUNPATH_SEARCH_PATHS = "$(inherited) @executable_path/Frameworks";
				PRODUCT_NAME = "$(TARGET_NAME)";
				PROVISIONING_PROFILE = "736cd6e7-58cb-4a1e-8ed0-296e0d72ec67";
			};
			name = Debug;
		};
		A07CBC631B1CA6DA005F56E5 /* Release */ = {
			isa = XCBuildConfiguration;
			buildSettings = {
				ASSETCATALOG_COMPILER_APPICON_NAME = AppIcon;
				ASSETCATALOG_COMPILER_LAUNCHIMAGE_NAME = LaunchImage;
				INFOPLIST_FILE = WeatherToday/Info.plist;
				LD_RUNPATH_SEARCH_PATHS = "$(inherited) @executable_path/Frameworks";
				PRODUCT_NAME = "$(TARGET_NAME)";
				PROVISIONING_PROFILE = "736cd6e7-58cb-4a1e-8ed0-296e0d72ec67";
			};
			name = Release;
		};
		A07CBC651B1CA6DA005F56E5 /* Debug */ = {
			isa = XCBuildConfiguration;
			buildSettings = {
				BUNDLE_LOADER = "$(TEST_HOST)";
				FRAMEWORK_SEARCH_PATHS = (
					"$(SDKROOT)/Developer/Library/Frameworks",
					"$(inherited)",
				);
				GCC_PREPROCESSOR_DEFINITIONS = (
					"DEBUG=1",
					"$(inherited)",
				);
				INFOPLIST_FILE = WeatherTodayTests/Info.plist;
				LD_RUNPATH_SEARCH_PATHS = "$(inherited) @executable_path/Frameworks @loader_path/Frameworks";
				PRODUCT_NAME = "$(TARGET_NAME)";
				TEST_HOST = "$(BUILT_PRODUCTS_DIR)/WeatherToday.app/WeatherToday";
			};
			name = Debug;
		};
		A07CBC661B1CA6DA005F56E5 /* Release */ = {
			isa = XCBuildConfiguration;
			buildSettings = {
				BUNDLE_LOADER = "$(TEST_HOST)";
				FRAMEWORK_SEARCH_PATHS = (
					"$(SDKROOT)/Developer/Library/Frameworks",
					"$(inherited)",
				);
				INFOPLIST_FILE = WeatherTodayTests/Info.plist;
				LD_RUNPATH_SEARCH_PATHS = "$(inherited) @executable_path/Frameworks @loader_path/Frameworks";
				PRODUCT_NAME = "$(TARGET_NAME)";
				TEST_HOST = "$(BUILT_PRODUCTS_DIR)/WeatherToday.app/WeatherToday";
			};
			name = Release;
		};
/* End XCBuildConfiguration section */

/* Begin XCConfigurationList section */
		A07CBC3D1B1CA6D9005F56E5 /* Build configuration list for PBXProject "WeatherToday" */ = {
			isa = XCConfigurationList;
			buildConfigurations = (
				A07CBC5F1B1CA6DA005F56E5 /* Debug */,
				A07CBC601B1CA6DA005F56E5 /* Release */,
			);
			defaultConfigurationIsVisible = 0;
			defaultConfigurationName = Release;
		};
		A07CBC611B1CA6DA005F56E5 /* Build configuration list for PBXNativeTarget "WeatherToday" */ = {
			isa = XCConfigurationList;
			buildConfigurations = (
				A07CBC621B1CA6DA005F56E5 /* Debug */,
				A07CBC631B1CA6DA005F56E5 /* Release */,
			);
			defaultConfigurationIsVisible = 0;
			defaultConfigurationName = Release;
		};
		A07CBC641B1CA6DA005F56E5 /* Build configuration list for PBXNativeTarget "WeatherTodayTests" */ = {
			isa = XCConfigurationList;
			buildConfigurations = (
				A07CBC651B1CA6DA005F56E5 /* Debug */,
				A07CBC661B1CA6DA005F56E5 /* Release */,
			);
			defaultConfigurationIsVisible = 0;
			defaultConfigurationName = Release;
		};
/* End XCConfigurationList section */

/* Begin XCVersionGroup section */
		A08103A41B1E059F00BC2ADD /* WeatherToday.xcdatamodeld */ = {
			isa = XCVersionGroup;
			children = (
				A08103A51B1E059F00BC2ADD /* WeatherToday.xcdatamodel */,
			);
			currentVersion = A08103A51B1E059F00BC2ADD /* WeatherToday.xcdatamodel */;
			path = WeatherToday.xcdatamodeld;
			sourceTree = "<group>";
			versionGroupType = wrapper.xcdatamodel;
		};
/* End XCVersionGroup section */
	};
	rootObject = A07CBC3A1B1CA6D9005F56E5 /* Project object */;
}
